
Microsoft Visual Studio Solution File, Format Version 12.00
# Visual Studio Version 17
VisualStudioVersion = 17.3.32922.545
MinimumVisualStudioVersion = 10.0.40219.1
Project("{FAE04EC0-301F-11D3-BF4B-00C04F79EFBC}") = "bai5.lab1b.btltbuoi2", "bai5.lab1b.btltbuoi2\bai5.lab1b.btltbuoi2.csproj", "{1943A0A2-3005-4325-A332-CBBF3257B286}"
EndProject
Global
	GlobalSection(SolutionConfigurationPlatforms) = preSolution
		Debug|Any CPU = Debug|Any CPU
		Release|Any CPU = Release|Any CPU
	EndGlobalSection
	GlobalSection(ProjectConfigurationPlatforms) = postSolution
		{1943A0A2-3005-4325-A332-CBBF3257B286}.Debug|Any CPU.ActiveCfg = Debug|Any CPU
		{1943A0A2-3005-4325-A332-CBBF3257B286}.Debug|Any CPU.Build.0 = Debug|Any CPU
		{1943A0A2-3005-4325-A332-CBBF3257B286}.Release|Any CPU.ActiveCfg = Release|Any CPU
		{1943A0A2-3005-4325-A332-CBBF3257B286}.Release|Any CPU.Build.0 = Release|Any CPU
	EndGlobalSection
	GlobalSection(SolutionProperties) = preSolution
		HideSolutionNode = FALSE
	EndGlobalSection
	GlobalSection(ExtensibilityGlobals) = postSolution
		SolutionGuid = {3EEE7393-7533-432C-93EA-93232D182155}
	EndGlobalSection
EndGlobal
